// !$*UTF8*$!
{
	archiveVersion = 1;
	classes = {
	};
	objectVersion = 77;
	objects = {

/* Begin PBXBuildFile section */
		1D213204E06B196C4CE34DDD /* PhotoWidgetOSXApp.swift in Sources */ = {isa = PBXBuildFile; fileRef = 2AECD1F66F0B35184A84E006 /* PhotoWidgetOSXApp.swift */; };
		21505C7CE328148D544A6A0A /* FolderWatcher.swift in Sources */ = {isa = PBXBuildFile; fileRef = 016BB413C28F8D55A1D1DFAB /* FolderWatcher.swift */; };
		3D8B58FF158C6DE3FAB0C3E6 /* ContentView.swift in Sources */ = {isa = PBXBuildFile; fileRef = 877C01CDA67795DE4EF40F70 /* ContentView.swift */; };
		3EB0B5142A23A2C55F5DCB3A /* Constants.swift in Sources */ = {isa = PBXBuildFile; fileRef = 475CF76E321700D3B0FE411B /* Constants.swift */; };
		524280D26FA49B69D4C57B5D /* Assets.xcassets in Resources */ = {isa = PBXBuildFile; fileRef = 8541A1636A4B5B3C5F5C767B /* Assets.xcassets */; };
		8F6C22F4736C412B7F9A0C65 /* DesktopPhotoWindow.swift in Sources */ = {isa = PBXBuildFile; fileRef = 24B6BFA68C59F8921F61B18E /* DesktopPhotoWindow.swift */; };
		9E4BEAFAB2A96FED694CE243 /* ImageManager.swift in Sources */ = {isa = PBXBuildFile; fileRef = 3159880EA2D19188C7F9D214 /* ImageManager.swift */; };
		9F3E1582B4271830960B8864 /* AppDelegate.swift in Sources */ = {isa = PBXBuildFile; fileRef = E335E996F9CBD4F89AD4D634 /* AppDelegate.swift */; };
		C1C99B8B7D369E9C5B6BBF53 /* PhotoItem.swift in Sources */ = {isa = PBXBuildFile; fileRef = 28A13F1F0FB05C71C07A0DC2 /* PhotoItem.swift */; };
/* End PBXBuildFile section */

/* Begin PBXFileReference section */
		016BB413C28F8D55A1D1DFAB /* FolderWatcher.swift */ = {isa = PBXFileReference; lastKnownFileType = sourcecode.swift; path = FolderWatcher.swift; sourceTree = "<group>"; };
		24B6BFA68C59F8921F61B18E /* DesktopPhotoWindow.swift */ = {isa = PBXFileReference; lastKnownFileType = sourcecode.swift; path = DesktopPhotoWindow.swift; sourceTree = "<group>"; };
		28A13F1F0FB05C71C07A0DC2 /* PhotoItem.swift */ = {isa = PBXFileReference; lastKnownFileType = sourcecode.swift; path = PhotoItem.swift; sourceTree = "<group>"; };
		2AECD1F66F0B35184A84E006 /* PhotoWidgetOSXApp.swift */ = {isa = PBXFileReference; lastKnownFileType = sourcecode.swift; path = PhotoWidgetOSXApp.swift; sourceTree = "<group>"; };
		3159880EA2D19188C7F9D214 /* ImageManager.swift */ = {isa = PBXFileReference; lastKnownFileType = sourcecode.swift; path = ImageManager.swift; sourceTree = "<group>"; };
		475CF76E321700D3B0FE411B /* Constants.swift */ = {isa = PBXFileReference; lastKnownFileType = sourcecode.swift; path = Constants.swift; sourceTree = "<group>"; };
		8541A1636A4B5B3C5F5C767B /* Assets.xcassets */ = {isa = PBXFileReference; lastKnownFileType = folder.assetcatalog; path = Assets.xcassets; sourceTree = "<group>"; };
		877C01CDA67795DE4EF40F70 /* ContentView.swift */ = {isa = PBXFileReference; lastKnownFileType = sourcecode.swift; path = ContentView.swift; sourceTree = "<group>"; };
		E335E996F9CBD4F89AD4D634 /* AppDelegate.swift */ = {isa = PBXFileReference; lastKnownFileType = sourcecode.swift; path = AppDelegate.swift; sourceTree = "<group>"; };
		E7207FDCA56B8315D7261617 /* Tableau.app */ = {isa = PBXFileReference; explicitFileType = wrapper.application; includeInIndex = 0; path = Tableau.app; sourceTree = BUILT_PRODUCTS_DIR; };
/* End PBXFileReference section */

/* Begin PBXGroup section */
		63BE1F6C8D8447B9860724DC = {
			isa = PBXGroup;
			children = (
				E2EC7BF01BDDBE14EC1B6CB1 /* Sources */,
				A0701387CC5F06B548169493 /* Products */,
			);
			sourceTree = "<group>";
		};
		A0701387CC5F06B548169493 /* Products */ = {
			isa = PBXGroup;
			children = (
				E7207FDCA56B8315D7261617 /* Tableau.app */,
			);
			name = Products;
			sourceTree = "<group>";
		};
		B4252C76D371378E48CACC0A /* App */ = {
			isa = PBXGroup;
			children = (
				E335E996F9CBD4F89AD4D634 /* AppDelegate.swift */,
				8541A1636A4B5B3C5F5C767B /* Assets.xcassets */,
				475CF76E321700D3B0FE411B /* Constants.swift */,
				877C01CDA67795DE4EF40F70 /* ContentView.swift */,
				24B6BFA68C59F8921F61B18E /* DesktopPhotoWindow.swift */,
				016BB413C28F8D55A1D1DFAB /* FolderWatcher.swift */,
				3159880EA2D19188C7F9D214 /* ImageManager.swift */,
				28A13F1F0FB05C71C07A0DC2 /* PhotoItem.swift */,
				2AECD1F66F0B35184A84E006 /* PhotoWidgetOSXApp.swift */,
			);
			path = App;
			sourceTree = "<group>";
		};
		E2EC7BF01BDDBE14EC1B6CB1 /* Sources */ = {
			isa = PBXGroup;
			children = (
				B4252C76D371378E48CACC0A /* App */,
			);
			path = Sources;
			sourceTree = "<group>";
		};
/* End PBXGroup section */

/* Begin PBXNativeTarget section */
		E962C211A597EF2857DF3BBD /* Tableau */ = {
			isa = PBXNativeTarget;
			buildConfigurationList = F2BCC6277CA734CABF02AC33 /* Build configuration list for PBXNativeTarget "Tableau" */;
			buildPhases = (
				332951232066C15295B677D2 /* Sources */,
				0CE0F5ACF154F28CC213FBF6 /* Resources */,
			);
			buildRules = (
			);
			dependencies = (
			);
			name = Tableau;
			packageProductDependencies = (
			);
			productName = Tableau;
			productReference = E7207FDCA56B8315D7261617 /* Tableau.app */;
			productType = "com.apple.product-type.application";
		};
/* End PBXNativeTarget section */

/* Begin PBXProject section */
		D5A96DD769F433700EEB0ADF /* Project object */ = {
			isa = PBXProject;
			attributes = {
				BuildIndependentTargetsInParallel = YES;
				LastUpgradeCheck = 1500;
				TargetAttributes = {
					E962C211A597EF2857DF3BBD = {
						DevelopmentTeam = "";
						ProvisioningStyle = Manual;
					};
				};
			};
			buildConfigurationList = FDBFBD30678436BC00D3C94B /* Build configuration list for PBXProject "Tableau" */;
			developmentRegion = en;
			hasScannedForEncodings = 0;
			knownRegions = (
				Base,
				en,
			);
			mainGroup = 63BE1F6C8D8447B9860724DC;
			minimizedProjectReferenceProxies = 1;
			preferredProjectObjectVersion = 77;
			productRefGroup = A0701387CC5F06B548169493 /* Products */;
			projectDirPath = "";
			projectRoot = "";
			targets = (
				E962C211A597EF2857DF3BBD /* Tableau */,
			);
		};
/* End PBXProject section */

/* Begin PBXResourcesBuildPhase section */
		0CE0F5ACF154F28CC213FBF6 /* Resources */ = {
			isa = PBXResourcesBuildPhase;
			buildActionMask = 2147483647;
			files = (
				524280D26FA49B69D4C57B5D /* Assets.xcassets in Resources */,
			);
			runOnlyForDeploymentPostprocessing = 0;
		};
/* End PBXResourcesBuildPhase section */

/* Begin PBXSourcesBuildPhase section */
		332951232066C15295B677D2 /* Sources */ = {
			isa = PBXSourcesBuildPhase;
			buildActionMask = 2147483647;
			files = (
				9F3E1582B4271830960B8864 /* AppDelegate.swift in Sources */,
				3EB0B5142A23A2C55F5DCB3A /* Constants.swift in Sources */,
				3D8B58FF158C6DE3FAB0C3E6 /* ContentView.swift in Sources */,
				8F6C22F4736C412B7F9A0C65 /* DesktopPhotoWindow.swift in Sources */,
				21505C7CE328148D544A6A0A /* FolderWatcher.swift in Sources */,
				9E4BEAFAB2A96FED694CE243 /* ImageManager.swift in Sources */,
				C1C99B8B7D369E9C5B6BBF53 /* PhotoItem.swift in Sources */,
				1D213204E06B196C4CE34DDD /* PhotoWidgetOSXApp.swift in Sources */,
			);
			runOnlyForDeploymentPostprocessing = 0;
		};
/* End PBXSourcesBuildPhase section */

/* Begin XCBuildConfiguration section */
		1139F536B312795DC6CE7415 /* Debug */ = {
			isa = XCBuildConfiguration;
			buildSettings = {
				ASSETCATALOG_COMPILER_APPICON_NAME = AppIcon;
				CODE_SIGN_ENTITLEMENTS = Sources/App/PhotoWidgetOSX.entitlements;
				CODE_SIGN_IDENTITY = "-";
				CODE_SIGN_STYLE = Manual;
				COMBINE_HIDPI_IMAGES = YES;
				CURRENT_PROJECT_VERSION = 2;
				DEVELOPMENT_TEAM = "";
				ENABLE_HARDENED_RUNTIME = YES;
				GENERATE_INFOPLIST_FILE = YES;
				INFOPLIST_KEY_CFBundleDisplayName = Tableau;
				INFOPLIST_KEY_LSApplicationCategoryType = "public.app-category.photography";
				INFOPLIST_KEY_LSUIElement = YES;
				INFOPLIST_KEY_NSDesktopFolderUsageDescription = "Tableau needs access to your Desktop to place photo widgets.";
				INFOPLIST_KEY_NSDocumentsFolderUsageDescription = "Tableau needs access to your folders to load images.";
				INFOPLIST_KEY_NSPhotoLibraryUsageDescription = "Tableau needs access to your Photos library so you can pick images to display on your desktop.";
				LD_RUNPATH_SEARCH_PATHS = (
					"$(inherited)",
					"@executable_path/../Frameworks",
				);
				MARKETING_VERSION = 2.0.0;
				PRODUCT_BUNDLE_IDENTIFIER = com.yashashwi.tableau;
				PRODUCT_NAME = Tableau;
				SDKROOT = macosx;
			};
			name = Debug;
		};
		27F10BD2759D7E7B886AEA44 /* Release */ = {
			isa = XCBuildConfiguration;
			buildSettings = {
				ALWAYS_SEARCH_USER_PATHS = NO;
				CLANG_ANALYZER_NONNULL = YES;
				CLANG_ANALYZER_NUMBER_OBJECT_CONVERSION = YES_AGGRESSIVE;
				CLANG_CXX_LANGUAGE_STANDARD = "gnu++14";
				CLANG_CXX_LIBRARY = "libc++";
				CLANG_ENABLE_MODULES = YES;
				CLANG_ENABLE_OBJC_ARC = YES;
				CLANG_ENABLE_OBJC_WEAK = YES;
				CLANG_WARN_BLOCK_CAPTURE_AUTORELEASING = YES;
				CLANG_WARN_BOOL_CONVERSION = YES;
				CLANG_WARN_COMMA = YES;
				CLANG_WARN_CONSTANT_CONVERSION = YES;
				CLANG_WARN_DEPRECATED_OBJC_IMPLEMENTATIONS = YES;
				CLANG_WARN_DIRECT_OBJC_ISA_USAGE = YES_ERROR;
				CLANG_WARN_DOCUMENTATION_COMMENTS = YES;
				CLANG_WARN_EMPTY_BODY = YES;
				CLANG_WARN_ENUM_CONVERSION = YES;
				CLANG_WARN_INFINITE_RECURSION = YES;
				CLANG_WARN_INT_CONVERSION = YES;
				CLANG_WARN_NON_LITERAL_NULL_CONVERSION = YES;
				CLANG_WARN_OBJC_IMPLICIT_RETAIN_SELF = YES;
				CLANG_WARN_OBJC_LITERAL_CONVERSION = YES;
				CLANG_WARN_OBJC_ROOT_CLASS = YES_ERROR;
				CLANG_WARN_QUOTED_INCLUDE_IN_FRAMEWORK_HEADER = YES;
				CLANG_WARN_RANGE_LOOP_ANALYSIS = YES;
				CLANG_WARN_STRICT_PROTOTYPES = YES;
				CLANG_WARN_SUSPICIOUS_MOVE = YES;
				CLANG_WARN_UNGUARDED_AVAILABILITY = YES_AGGRESSIVE;
				CLANG_WARN_UNREACHABLE_CODE = YES;
				CLANG_WARN__DUPLICATE_METHOD_MATCH = YES;
				COPY_PHASE_STRIP = NO;
				DEBUG_INFORMATION_FORMAT = "dwarf-with-dsym";
				ENABLE_NS_ASSERTIONS = NO;
				ENABLE_STRICT_OBJC_MSGSEND = YES;
				GCC_C_LANGUAGE_STANDARD = gnu11;
				GCC_NO_COMMON_BLOCKS = YES;
				GCC_WARN_64_TO_32_BIT_CONVERSION = YES;
				GCC_WARN_ABOUT_RETURN_TYPE = YES_ERROR;
				GCC_WARN_UNDECLARED_SELECTOR = YES;
				GCC_WARN_UNINITIALIZED_AUTOS = YES_AGGRESSIVE;
				GCC_WARN_UNUSED_FUNCTION = YES;
				GCC_WARN_UNUSED_VARIABLE = YES;
				MACOSX_DEPLOYMENT_TARGET = 14.0;
				MTL_ENABLE_DEBUG_INFO = NO;
				MTL_FAST_MATH = YES;
				PRODUCT_NAME = "$(TARGET_NAME)";
				SDKROOT = macosx;
				SWIFT_COMPILATION_MODE = wholemodule;
				SWIFT_OPTIMIZATION_LEVEL = "-O";
				SWIFT_VERSION = 5.9;
			};
			name = Release;
		};
		87D8F076FBC4E43BE629FE90 /* Debug */ = {
			isa = XCBuildConfiguration;
			buildSettings = {
				ALWAYS_SEARCH_USER_PATHS = NO;
				CLANG_ANALYZER_NONNULL = YES;
				CLANG_ANALYZER_NUMBER_OBJECT_CONVERSION = YES_AGGRESSIVE;
				CLANG_CXX_LANGUAGE_STANDARD = "gnu++14";
				CLANG_CXX_LIBRARY = "libc++";
				CLANG_ENABLE_MODULES = YES;
				CLANG_ENABLE_OBJC_ARC = YES;
				CLANG_ENABLE_OBJC_WEAK = YES;
				CLANG_WARN_BLOCK_CAPTURE_AUTORELEASING = YES;
				CLANG_WARN_BOOL_CONVERSION = YES;
				CLANG_WARN_COMMA = YES;
				CLANG_WARN_CONSTANT_CONVERSION = YES;
				CLANG_WARN_DEPRECATED_OBJC_IMPLEMENTATIONS = YES;
				CLANG_WARN_DIRECT_OBJC_ISA_USAGE = YES_ERROR;
				CLANG_WARN_DOCUMENTATION_COMMENTS = YES;
				CLANG_WARN_EMPTY_BODY = YES;
				CLANG_WARN_ENUM_CONVERSION = YES;
				CLANG_WARN_INFINITE_RECURSION = YES;
				CLANG_WARN_INT_CONVERSION = YES;
				CLANG_WARN_NON_LITERAL_NULL_CONVERSION = YES;
				CLANG_WARN_OBJC_IMPLICIT_RETAIN_SELF = YES;
				CLANG_WARN_OBJC_LITERAL_CONVERSION = YES;
				CLANG_WARN_OBJC_ROOT_CLASS = YES_ERROR;
				CLANG_WARN_QUOTED_INCLUDE_IN_FRAMEWORK_HEADER = YES;
				CLANG_WARN_RANGE_LOOP_ANALYSIS = YES;
				CLANG_WARN_STRICT_PROTOTYPES = YES;
				CLANG_WARN_SUSPICIOUS_MOVE = YES;
				CLANG_WARN_UNGUARDED_AVAILABILITY = YES_AGGRESSIVE;
				CLANG_WARN_UNREACHABLE_CODE = YES;
				CLANG_WARN__DUPLICATE_METHOD_MATCH = YES;
				COPY_PHASE_STRIP = NO;
				DEBUG_INFORMATION_FORMAT = dwarf;
				ENABLE_STRICT_OBJC_MSGSEND = YES;
				ENABLE_TESTABILITY = YES;
				GCC_C_LANGUAGE_STANDARD = gnu11;
				GCC_DYNAMIC_NO_PIC = NO;
				GCC_NO_COMMON_BLOCKS = YES;
				GCC_OPTIMIZATION_LEVEL = 0;
				GCC_PREPROCESSOR_DEFINITIONS = (
					"$(inherited)",
					"DEBUG=1",
				);
				GCC_WARN_64_TO_32_BIT_CONVERSION = YES;
				GCC_WARN_ABOUT_RETURN_TYPE = YES_ERROR;
				GCC_WARN_UNDECLARED_SELECTOR = YES;
				GCC_WARN_UNINITIALIZED_AUTOS = YES_AGGRESSIVE;
				GCC_WARN_UNUSED_FUNCTION = YES;
				GCC_WARN_UNUSED_VARIABLE = YES;
				MACOSX_DEPLOYMENT_TARGET = 14.0;
				MTL_ENABLE_DEBUG_INFO = INCLUDE_SOURCE;
				MTL_FAST_MATH = YES;
				ONLY_ACTIVE_ARCH = YES;
				PRODUCT_NAME = "$(TARGET_NAME)";
				SDKROOT = macosx;
				SWIFT_ACTIVE_COMPILATION_CONDITIONS = DEBUG;
				SWIFT_OPTIMIZATION_LEVEL = "-Onone";
				SWIFT_VERSION = 5.9;
			};
			name = Debug;
		};
		B89DADF755A67DF2AD21766E /* Release */ = {
			isa = XCBuildConfiguration;
			buildSettings = {
				ASSETCATALOG_COMPILER_APPICON_NAME = AppIcon;
				CODE_SIGN_ENTITLEMENTS = Sources/App/PhotoWidgetOSX.entitlements;
				CODE_SIGN_IDENTITY = "-";
				CODE_SIGN_STYLE = Manual;
				COMBINE_HIDPI_IMAGES = YES;
				CURRENT_PROJECT_VERSION = 2;
				DEVELOPMENT_TEAM = "";
				ENABLE_HARDENED_RUNTIME = YES;
				GENERATE_INFOPLIST_FILE = YES;
				INFOPLIST_KEY_CFBundleDisplayName = Tableau;
				INFOPLIST_KEY_LSApplicationCategoryType = "public.app-category.photography";
				INFOPLIST_KEY_LSUIElement = YES;
				INFOPLIST_KEY_NSDesktopFolderUsageDescription = "Tableau needs access to your Desktop to place photo widgets.";
				INFOPLIST_KEY_NSDocumentsFolderUsageDescription = "Tableau needs access to your folders to load images.";
				INFOPLIST_KEY_NSPhotoLibraryUsageDescription = "Tableau needs access to your Photos library so you can pick images to display on your desktop.";
				LD_RUNPATH_SEARCH_PATHS = (
					"$(inherited)",
					"@executable_path/../Frameworks",
				);
				MARKETING_VERSION = 2.0.0;
				PRODUCT_BUNDLE_IDENTIFIER = com.yashashwi.tableau;
				PRODUCT_NAME = Tableau;
				SDKROOT = macosx;
			};
			name = Release;
		};
/* End XCBuildConfiguration section */

/* Begin XCConfigurationList section */
		F2BCC6277CA734CABF02AC33 /* Build configuration list for PBXNativeTarget "Tableau" */ = {
			isa = XCConfigurationList;
			buildConfigurations = (
				1139F536B312795DC6CE7415 /* Debug */,
				B89DADF755A67DF2AD21766E /* Release */,
			);
			defaultConfigurationIsVisible = 0;
			defaultConfigurationName = Debug;
		};
		FDBFBD30678436BC00D3C94B /* Build configuration list for PBXProject "Tableau" */ = {
			isa = XCConfigurationList;
			buildConfigurations = (
				87D8F076FBC4E43BE629FE90 /* Debug */,
				27F10BD2759D7E7B886AEA44 /* Release */,
			);
			defaultConfigurationIsVisible = 0;
			defaultConfigurationName = Debug;
		};
/* End XCConfigurationList section */
	};
	rootObject = D5A96DD769F433700EEB0ADF /* Project object */;
}
