// !$*UTF8*$!
{
	archiveVersion = 1;
	classes = {
	};
	objectVersion = 77;
	objects = {

/* Begin PBXBuildFile section */
		287C9D4CFD45CAC080B80278 /* ImageManager.swift in Sources */ = {isa = PBXBuildFile; fileRef = 44B86CC3BD0DBCDB62CF588E /* ImageManager.swift */; };
		524AC76DBAA6AAC648443E6E /* Assets.xcassets in Resources */ = {isa = PBXBuildFile; fileRef = 98684E8807A3C4C9FF7C64B2 /* Assets.xcassets */; };
		71A493A3540103271A6FB1C3 /* AppDelegate.swift in Sources */ = {isa = PBXBuildFile; fileRef = B7E033620FF187A2FB24064A /* AppDelegate.swift */; };
		82C5822A70958CFCC7E088FD /* PhotoItem.swift in Sources */ = {isa = PBXBuildFile; fileRef = 8A35BD4FFDCB87CB6AFCED68 /* PhotoItem.swift */; };
		B8D8DDC32BDECA3FD46466DD /* PhotoWidgetOSXApp.swift in Sources */ = {isa = PBXBuildFile; fileRef = 47256044EF37732D082D1D50 /* PhotoWidgetOSXApp.swift */; };
		E971549EB25EC9537296A203 /* DesktopPhotoWindow.swift in Sources */ = {isa = PBXBuildFile; fileRef = 80E5A8720B71F18522DC935D /* DesktopPhotoWindow.swift */; };
		F3252ADFA28BC60458B0D40D /* ContentView.swift in Sources */ = {isa = PBXBuildFile; fileRef = 9B0985FA4B2EC4ADF0F8B231 /* ContentView.swift */; };
/* End PBXBuildFile section */

/* Begin PBXFileReference section */
		44B86CC3BD0DBCDB62CF588E /* ImageManager.swift */ = {isa = PBXFileReference; lastKnownFileType = sourcecode.swift; path = ImageManager.swift; sourceTree = "<group>"; };
		47256044EF37732D082D1D50 /* PhotoWidgetOSXApp.swift */ = {isa = PBXFileReference; lastKnownFileType = sourcecode.swift; path = PhotoWidgetOSXApp.swift; sourceTree = "<group>"; };
		671F9CE9C7897D8C2D93FF8F /* PhotoWidgetOSX.app */ = {isa = PBXFileReference; explicitFileType = wrapper.application; includeInIndex = 0; path = PhotoWidgetOSX.app; sourceTree = BUILT_PRODUCTS_DIR; };
		80E5A8720B71F18522DC935D /* DesktopPhotoWindow.swift */ = {isa = PBXFileReference; lastKnownFileType = sourcecode.swift; path = DesktopPhotoWindow.swift; sourceTree = "<group>"; };
		8A35BD4FFDCB87CB6AFCED68 /* PhotoItem.swift */ = {isa = PBXFileReference; lastKnownFileType = sourcecode.swift; path = PhotoItem.swift; sourceTree = "<group>"; };
		98684E8807A3C4C9FF7C64B2 /* Assets.xcassets */ = {isa = PBXFileReference; lastKnownFileType = folder.assetcatalog; path = Assets.xcassets; sourceTree = "<group>"; };
		9B0985FA4B2EC4ADF0F8B231 /* ContentView.swift */ = {isa = PBXFileReference; lastKnownFileType = sourcecode.swift; path = ContentView.swift; sourceTree = "<group>"; };
		B7E033620FF187A2FB24064A /* AppDelegate.swift */ = {isa = PBXFileReference; lastKnownFileType = sourcecode.swift; path = AppDelegate.swift; sourceTree = "<group>"; };
/* End PBXFileReference section */

/* Begin PBXGroup section */
		5D18B241D69E03434E45E0C7 /* Sources */ = {
			isa = PBXGroup;
			children = (
				B3055216DA0392F61BE79CDF /* App */,
			);
			path = Sources;
			sourceTree = "<group>";
		};
		7B1C5965F1DC3E5C0459D38F /* Products */ = {
			isa = PBXGroup;
			children = (
				671F9CE9C7897D8C2D93FF8F /* PhotoWidgetOSX.app */,
			);
			name = Products;
			sourceTree = "<group>";
		};
		ABDF9348BB463741E80EFFB8 = {
			isa = PBXGroup;
			children = (
				5D18B241D69E03434E45E0C7 /* Sources */,
				7B1C5965F1DC3E5C0459D38F /* Products */,
			);
			sourceTree = "<group>";
		};
		B3055216DA0392F61BE79CDF /* App */ = {
			isa = PBXGroup;
			children = (
				B7E033620FF187A2FB24064A /* AppDelegate.swift */,
				98684E8807A3C4C9FF7C64B2 /* Assets.xcassets */,
				9B0985FA4B2EC4ADF0F8B231 /* ContentView.swift */,
				80E5A8720B71F18522DC935D /* DesktopPhotoWindow.swift */,
				44B86CC3BD0DBCDB62CF588E /* ImageManager.swift */,
				8A35BD4FFDCB87CB6AFCED68 /* PhotoItem.swift */,
				47256044EF37732D082D1D50 /* PhotoWidgetOSXApp.swift */,
			);
			path = App;
			sourceTree = "<group>";
		};
/* End PBXGroup section */

/* Begin PBXNativeTarget section */
		5BE133EEE1B014BF2515414C /* PhotoWidgetOSX */ = {
			isa = PBXNativeTarget;
			buildConfigurationList = 7E35BAB2E77ED81CD3EB5AF9 /* Build configuration list for PBXNativeTarget "PhotoWidgetOSX" */;
			buildPhases = (
				558AF0112DBEFE6798A4FE1C /* Sources */,
				158F3208842585531DBC22FA /* Resources */,
			);
			buildRules = (
			);
			dependencies = (
			);
			name = PhotoWidgetOSX;
			packageProductDependencies = (
			);
			productName = PhotoWidgetOSX;
			productReference = 671F9CE9C7897D8C2D93FF8F /* PhotoWidgetOSX.app */;
			productType = "com.apple.product-type.application";
		};
/* End PBXNativeTarget section */

/* Begin PBXProject section */
		4E4354456D97E0C32B93605A /* Project object */ = {
			isa = PBXProject;
			attributes = {
				BuildIndependentTargetsInParallel = YES;
				LastUpgradeCheck = 1500;
				TargetAttributes = {
				};
			};
			buildConfigurationList = 2AAC98F7BF37C57837E5F095 /* Build configuration list for PBXProject "PhotoWidgetOSX" */;
			developmentRegion = en;
			hasScannedForEncodings = 0;
			knownRegions = (
				Base,
				en,
			);
			mainGroup = ABDF9348BB463741E80EFFB8;
			minimizedProjectReferenceProxies = 1;
			preferredProjectObjectVersion = 77;
			productRefGroup = 7B1C5965F1DC3E5C0459D38F /* Products */;
			projectDirPath = "";
			projectRoot = "";
			targets = (
				5BE133EEE1B014BF2515414C /* PhotoWidgetOSX */,
			);
		};
/* End PBXProject section */

/* Begin PBXResourcesBuildPhase section */
		158F3208842585531DBC22FA /* Resources */ = {
			isa = PBXResourcesBuildPhase;
			buildActionMask = 2147483647;
			files = (
				524AC76DBAA6AAC648443E6E /* Assets.xcassets in Resources */,
			);
			runOnlyForDeploymentPostprocessing = 0;
		};
/* End PBXResourcesBuildPhase section */

/* Begin PBXSourcesBuildPhase section */
		558AF0112DBEFE6798A4FE1C /* Sources */ = {
			isa = PBXSourcesBuildPhase;
			buildActionMask = 2147483647;
			files = (
				71A493A3540103271A6FB1C3 /* AppDelegate.swift in Sources */,
				F3252ADFA28BC60458B0D40D /* ContentView.swift in Sources */,
				E971549EB25EC9537296A203 /* DesktopPhotoWindow.swift in Sources */,
				287C9D4CFD45CAC080B80278 /* ImageManager.swift in Sources */,
				82C5822A70958CFCC7E088FD /* PhotoItem.swift in Sources */,
				B8D8DDC32BDECA3FD46466DD /* PhotoWidgetOSXApp.swift in Sources */,
			);
			runOnlyForDeploymentPostprocessing = 0;
		};
/* End PBXSourcesBuildPhase section */

/* Begin XCBuildConfiguration section */
		118523D971AA6E7EC59FC658 /* Release */ = {
			isa = XCBuildConfiguration;
			buildSettings = {
				ASSETCATALOG_COMPILER_APPICON_NAME = AppIcon;
				COMBINE_HIDPI_IMAGES = YES;
				CURRENT_PROJECT_VERSION = 1;
				GENERATE_INFOPLIST_FILE = YES;
				INFOPLIST_KEY_CFBundleDisplayName = "Photo Widget";
				INFOPLIST_KEY_LSApplicationCategoryType = "public.app-category.photography";
				INFOPLIST_KEY_LSUIElement = YES;
				LD_RUNPATH_SEARCH_PATHS = (
					"$(inherited)",
					"@executable_path/../Frameworks",
				);
				MARKETING_VERSION = 1.0.0;
				PRODUCT_BUNDLE_IDENTIFIER = com.yashashwi.photowidget;
				SDKROOT = macosx;
			};
			name = Release;
		};
		25D10DEBF26F466E9159F05B /* Release */ = {
			isa = XCBuildConfiguration;
			buildSettings = {
				ALWAYS_SEARCH_USER_PATHS = NO;
				CLANG_ANALYZER_NONNULL = YES;
				CLANG_ANALYZER_NUMBER_OBJECT_CONVERSION = YES_AGGRESSIVE;
				CLANG_CXX_LANGUAGE_STANDARD = "gnu++14";
				CLANG_CXX_LIBRARY = "libc++";
				CLANG_ENABLE_MODULES = YES;
				CLANG_ENABLE_OBJC_ARC = YES;
				CLANG_ENABLE_OBJC_WEAK = YES;
				CLANG_WARN_BLOCK_CAPTURE_AUTORELEASING = YES;
				CLANG_WARN_BOOL_CONVERSION = YES;
				CLANG_WARN_COMMA = YES;
				CLANG_WARN_CONSTANT_CONVERSION = YES;
				CLANG_WARN_DEPRECATED_OBJC_IMPLEMENTATIONS = YES;
				CLANG_WARN_DIRECT_OBJC_ISA_USAGE = YES_ERROR;
				CLANG_WARN_DOCUMENTATION_COMMENTS = YES;
				CLANG_WARN_EMPTY_BODY = YES;
				CLANG_WARN_ENUM_CONVERSION = YES;
				CLANG_WARN_INFINITE_RECURSION = YES;
				CLANG_WARN_INT_CONVERSION = YES;
				CLANG_WARN_NON_LITERAL_NULL_CONVERSION = YES;
				CLANG_WARN_OBJC_IMPLICIT_RETAIN_SELF = YES;
				CLANG_WARN_OBJC_LITERAL_CONVERSION = YES;
				CLANG_WARN_OBJC_ROOT_CLASS = YES_ERROR;
				CLANG_WARN_QUOTED_INCLUDE_IN_FRAMEWORK_HEADER = YES;
				CLANG_WARN_RANGE_LOOP_ANALYSIS = YES;
				CLANG_WARN_STRICT_PROTOTYPES = YES;
				CLANG_WARN_SUSPICIOUS_MOVE = YES;
				CLANG_WARN_UNGUARDED_AVAILABILITY = YES_AGGRESSIVE;
				CLANG_WARN_UNREACHABLE_CODE = YES;
				CLANG_WARN__DUPLICATE_METHOD_MATCH = YES;
				COPY_PHASE_STRIP = NO;
				DEBUG_INFORMATION_FORMAT = "dwarf-with-dsym";
				ENABLE_NS_ASSERTIONS = NO;
				ENABLE_STRICT_OBJC_MSGSEND = YES;
				GCC_C_LANGUAGE_STANDARD = gnu11;
				GCC_NO_COMMON_BLOCKS = YES;
				GCC_WARN_64_TO_32_BIT_CONVERSION = YES;
				GCC_WARN_ABOUT_RETURN_TYPE = YES_ERROR;
				GCC_WARN_UNDECLARED_SELECTOR = YES;
				GCC_WARN_UNINITIALIZED_AUTOS = YES_AGGRESSIVE;
				GCC_WARN_UNUSED_FUNCTION = YES;
				GCC_WARN_UNUSED_VARIABLE = YES;
				MACOSX_DEPLOYMENT_TARGET = 14.0;
				MTL_ENABLE_DEBUG_INFO = NO;
				MTL_FAST_MATH = YES;
				PRODUCT_NAME = "$(TARGET_NAME)";
				SDKROOT = macosx;
				SWIFT_COMPILATION_MODE = wholemodule;
				SWIFT_OPTIMIZATION_LEVEL = "-O";
				SWIFT_VERSION = 5.9;
			};
			name = Release;
		};
		8EBA9E28070241E6554DF375 /* Debug */ = {
			isa = XCBuildConfiguration;
			buildSettings = {
				ALWAYS_SEARCH_USER_PATHS = NO;
				CLANG_ANALYZER_NONNULL = YES;
				CLANG_ANALYZER_NUMBER_OBJECT_CONVERSION = YES_AGGRESSIVE;
				CLANG_CXX_LANGUAGE_STANDARD = "gnu++14";
				CLANG_CXX_LIBRARY = "libc++";
				CLANG_ENABLE_MODULES = YES;
				CLANG_ENABLE_OBJC_ARC = YES;
				CLANG_ENABLE_OBJC_WEAK = YES;
				CLANG_WARN_BLOCK_CAPTURE_AUTORELEASING = YES;
				CLANG_WARN_BOOL_CONVERSION = YES;
				CLANG_WARN_COMMA = YES;
				CLANG_WARN_CONSTANT_CONVERSION = YES;
				CLANG_WARN_DEPRECATED_OBJC_IMPLEMENTATIONS = YES;
				CLANG_WARN_DIRECT_OBJC_ISA_USAGE = YES_ERROR;
				CLANG_WARN_DOCUMENTATION_COMMENTS = YES;
				CLANG_WARN_EMPTY_BODY = YES;
				CLANG_WARN_ENUM_CONVERSION = YES;
				CLANG_WARN_INFINITE_RECURSION = YES;
				CLANG_WARN_INT_CONVERSION = YES;
				CLANG_WARN_NON_LITERAL_NULL_CONVERSION = YES;
				CLANG_WARN_OBJC_IMPLICIT_RETAIN_SELF = YES;
				CLANG_WARN_OBJC_LITERAL_CONVERSION = YES;
				CLANG_WARN_OBJC_ROOT_CLASS = YES_ERROR;
				CLANG_WARN_QUOTED_INCLUDE_IN_FRAMEWORK_HEADER = YES;
				CLANG_WARN_RANGE_LOOP_ANALYSIS = YES;
				CLANG_WARN_STRICT_PROTOTYPES = YES;
				CLANG_WARN_SUSPICIOUS_MOVE = YES;
				CLANG_WARN_UNGUARDED_AVAILABILITY = YES_AGGRESSIVE;
				CLANG_WARN_UNREACHABLE_CODE = YES;
				CLANG_WARN__DUPLICATE_METHOD_MATCH = YES;
				COPY_PHASE_STRIP = NO;
				DEBUG_INFORMATION_FORMAT = dwarf;
				ENABLE_STRICT_OBJC_MSGSEND = YES;
				ENABLE_TESTABILITY = YES;
				GCC_C_LANGUAGE_STANDARD = gnu11;
				GCC_DYNAMIC_NO_PIC = NO;
				GCC_NO_COMMON_BLOCKS = YES;
				GCC_OPTIMIZATION_LEVEL = 0;
				GCC_PREPROCESSOR_DEFINITIONS = (
					"$(inherited)",
					"DEBUG=1",
				);
				GCC_WARN_64_TO_32_BIT_CONVERSION = YES;
				GCC_WARN_ABOUT_RETURN_TYPE = YES_ERROR;
				GCC_WARN_UNDECLARED_SELECTOR = YES;
				GCC_WARN_UNINITIALIZED_AUTOS = YES_AGGRESSIVE;
				GCC_WARN_UNUSED_FUNCTION = YES;
				GCC_WARN_UNUSED_VARIABLE = YES;
				MACOSX_DEPLOYMENT_TARGET = 14.0;
				MTL_ENABLE_DEBUG_INFO = INCLUDE_SOURCE;
				MTL_FAST_MATH = YES;
				ONLY_ACTIVE_ARCH = YES;
				PRODUCT_NAME = "$(TARGET_NAME)";
				SDKROOT = macosx;
				SWIFT_ACTIVE_COMPILATION_CONDITIONS = DEBUG;
				SWIFT_OPTIMIZATION_LEVEL = "-Onone";
				SWIFT_VERSION = 5.9;
			};
			name = Debug;
		};
		90DDC18E3898FC1DC01A951A /* Debug */ = {
			isa = XCBuildConfiguration;
			buildSettings = {
				ASSETCATALOG_COMPILER_APPICON_NAME = AppIcon;
				COMBINE_HIDPI_IMAGES = YES;
				CURRENT_PROJECT_VERSION = 1;
				GENERATE_INFOPLIST_FILE = YES;
				INFOPLIST_KEY_CFBundleDisplayName = "Photo Widget";
				INFOPLIST_KEY_LSApplicationCategoryType = "public.app-category.photography";
				INFOPLIST_KEY_LSUIElement = YES;
				LD_RUNPATH_SEARCH_PATHS = (
					"$(inherited)",
					"@executable_path/../Frameworks",
				);
				MARKETING_VERSION = 1.0.0;
				PRODUCT_BUNDLE_IDENTIFIER = com.yashashwi.photowidget;
				SDKROOT = macosx;
			};
			name = Debug;
		};
/* End XCBuildConfiguration section */

/* Begin XCConfigurationList section */
		2AAC98F7BF37C57837E5F095 /* Build configuration list for PBXProject "PhotoWidgetOSX" */ = {
			isa = XCConfigurationList;
			buildConfigurations = (
				8EBA9E28070241E6554DF375 /* Debug */,
				25D10DEBF26F466E9159F05B /* Release */,
			);
			defaultConfigurationIsVisible = 0;
			defaultConfigurationName = Debug;
		};
		7E35BAB2E77ED81CD3EB5AF9 /* Build configuration list for PBXNativeTarget "PhotoWidgetOSX" */ = {
			isa = XCConfigurationList;
			buildConfigurations = (
				90DDC18E3898FC1DC01A951A /* Debug */,
				118523D971AA6E7EC59FC658 /* Release */,
			);
			defaultConfigurationIsVisible = 0;
			defaultConfigurationName = Debug;
		};
/* End XCConfigurationList section */
	};
	rootObject = 4E4354456D97E0C32B93605A /* Project object */;
}
